<Solution>
  <Configurations>
    <Platform Name="Any CPU" />
    <Platform Name="arm64" />
    <Platform Name="x86" />
  </Configurations>
  <Folder Name="/Core/">
    <Project Path="Core/CodegenCS.DotNet/CodegenCS.DotNet.csproj" />
    <Project Path="Core/CodegenCS.Models/CodegenCS.Models.csproj" />
    <Project Path="Core/CodegenCS.Runtime/CodegenCS.Runtime.csproj" />
    <Project Path="Core/CodegenCS.Tests/CodegenCS.Tests.csproj" />
    <Project Path="Core/CodegenCS/CodegenCS.Core.csproj" />
  </Folder>
  <Folder Name="/Models/">
    <Project Path="Models/CodegenCS.Models.DbSchema.Extractor/CodegenCS.Models.DbSchema.Extractor.csproj" />
    <Project Path="Models/CodegenCS.Models.DbSchema/CodegenCS.Models.DbSchema.csproj" />
    <Project Path="Models/CodegenCS.Models.NSwagAdapter/CodegenCS.Models.NSwagAdapter.csproj" />
  </Folder>
  <Folder Name="/MSBuild/">
    <Project Path="MSBuild/CodegenCS.MSBuild/CodegenCS.MSBuild.csproj" />
  </Folder>
  <Folder Name="/Solution Items/">
    <File Path=".editorconfig" />
    <File Path="build-clean.ps1" />
    <File Path="build-core.ps1" />
    <File Path="build-external.ps1" />
    <File Path="build-include.ps1" />
    <File Path="build-models.ps1" />
    <File Path="build-msbuild.ps1" />
    <File Path="build-sourcegenerator.ps1" />
    <File Path="build-tools.ps1" />
    <File Path="build-visualstudio.ps1" />
    <File Path="build.ps1" />
  </Folder>
  <Folder Name="/SourceGenerator/">
    <Project Path="SourceGenerator/CodegenCS.SourceGenerator/CodegenCS.SourceGenerator.csproj" />
  </Folder>
  <Folder Name="/Tools/">
    <Project Path="Tools/CodegenCS.Tools.CliTool.Tests/CodegenCS.Tools.CliTool.Tests.csproj" />
    <Project Path="Tools/dotnet-codegencs/dotnet-codegencs.csproj" />
    <Project Path="Tools/TemplateBuilder/CodegenCS.Tools.TemplateBuilder.csproj" />
    <Project Path="Tools/TemplateDownloader/CodegenCS.Tools.TemplateDownloader.csproj" />
    <Project Path="Tools/TemplateLauncher/CodegenCS.Tools.TemplateLauncher.csproj" />
    <Project Path="Tools/Tests/CodegenCS.Tools.Tests.csproj" />
  </Folder>
</Solution>
